// !$*UTF8*$!
{
	archiveVersion = 1;
	classes = {
	};
	objectVersion = 55;
	objects = {

/* Begin PBXBuildFile section */
		4C23F0FDC2A9164945D78011 /* LoadingStatusCollectionCell.swift in Sources */ = {isa = PBXBuildFile; fileRef = 4C23F9D04D72A1379CC09B07 /* LoadingStatusCollectionCell.swift */; };
		4C23F1314F31A8F9BACDC6DB /* NibResourceType.swift in Sources */ = {isa = PBXBuildFile; fileRef = 4C23FA0FD35140B10DB4D99E /* NibResourceType.swift */; };
		4C23F185A1AEFC8BC74F3400 /* APIParamEncoding.swift in Sources */ = {isa = PBXBuildFile; fileRef = 4C23F93D11B52EA0EDDF09EB /* APIParamEncoding.swift */; };
		4C23F24BD85062307FDDF31A /* HTTPMethod.swift in Sources */ = {isa = PBXBuildFile; fileRef = 4C23F813590DA5204AC0C8D7 /* HTTPMethod.swift */; };
		4C23F2505E33E019EE3A3889 /* FileResourceType.swift in Sources */ = {isa = PBXBuildFile; fileRef = 4C23F9E532BF51859616490A /* FileResourceType.swift */; };
		4C23F292C3D954658523106F /* Files.swift in Sources */ = {isa = PBXBuildFile; fileRef = 4C23FB6D08BB8E25CE19CF96 /* Files.swift */; };
		4C23F307A00D475F929BB79F /* ViewController.xib in Resources */ = {isa = PBXBuildFile; fileRef = 4C23FE0FF8D2694A0FE36777 /* ViewController.xib */; };
		4C23F34ACDD74878B95F435E /* Bundle_FileResourceType.swift in Sources */ = {isa = PBXBuildFile; fileRef = 4C23FA34953B453B3109C6A1 /* Bundle_FileResourceType.swift */; };
		4C23F3CC3730840311040960 /* ViewController.swift in Sources */ = {isa = PBXBuildFile; fileRef = 4C23FD38C574ED7343BEAE8C /* ViewController.swift */; };
		4C23F3CFDA0BB4F302BC3D57 /* EventCollectionCell.xib in Resources */ = {isa = PBXBuildFile; fileRef = 4C23FE190BDC0090C7846D38 /* EventCollectionCell.xib */; };
		4C23F669C67D7169F32575C7 /* APILoadingState.swift in Sources */ = {isa = PBXBuildFile; fileRef = 4C23FDF18B321487A9C05960 /* APILoadingState.swift */; };
		4C23F6737722ACDF5D6B3DA5 /* LaunchScreen.storyboard in Resources */ = {isa = PBXBuildFile; fileRef = 4C23FE5F807FD3F89938BA27 /* LaunchScreen.storyboard */; };
		4C23F6A71B01C98BAD6DE0AC /* Location.swift in Sources */ = {isa = PBXBuildFile; fileRef = 4C23FD42523B4DE7B1302081 /* Location.swift */; };
		4C23F70AAED11307C4B138C2 /* R.swift in Sources */ = {isa = PBXBuildFile; fileRef = 4C23F46C5EB600564369F490 /* R.swift */; };
		4C23F7168A08935F8ADC9E11 /* LocalAPIClient.swift in Sources */ = {isa = PBXBuildFile; fileRef = 4C23FFA5C28B79C65630E81F /* LocalAPIClient.swift */; };
		4C23F753DE3A519260D8A767 /* FatsomaEventsAPITarget.swift in Sources */ = {isa = PBXBuildFile; fileRef = 4C23F201F8AEF861148234D5 /* FatsomaEventsAPITarget.swift */; };
		4C23F76A8FEC67225833EB02 /* ViewModel.swift in Sources */ = {isa = PBXBuildFile; fileRef = 4C23FAE48BBF738621EF51A4 /* ViewModel.swift */; };
		4C23F7945CADFC24005C3EA0 /* Nibs.swift in Sources */ = {isa = PBXBuildFile; fileRef = 4C23F05231E12E5DB008F6BF /* Nibs.swift */; };
		4C23F81ADB6C176F406ACB82 /* Links.swift in Sources */ = {isa = PBXBuildFile; fileRef = 4C23FC53864AEACB521C41D1 /* Links.swift */; };
		4C23F8C83091E3B27503341D /* RawObject.swift in Sources */ = {isa = PBXBuildFile; fileRef = 4C23F3F3B61E79C175B66F37 /* RawObject.swift */; };
		4C23F90DAE7D5DA546D9B0AD /* Assets.xcassets in Resources */ = {isa = PBXBuildFile; fileRef = 4C23FBF2473EE8F4C12DBC55 /* Assets.xcassets */; };
		4C23F91A04A92EF93E1172C9 /* StringResourceType.swift in Sources */ = {isa = PBXBuildFile; fileRef = 4C23FFF06922C857B4D799BC /* StringResourceType.swift */; };
		4C23F9875705C8FE1D264A0A /* Data_FileResourceType.swift in Sources */ = {isa = PBXBuildFile; fileRef = 4C23F0AD0ED0D64BCD1B92DF /* Data_FileResourceType.swift */; };
		4C23F9EF0165D7A3754FA2D7 /* ReuseIdentifierType.swift in Sources */ = {isa = PBXBuildFile; fileRef = 4C23FC764FF68F15561D896B /* ReuseIdentifierType.swift */; };
		4C23FA0E149CF47B4EEFB79D /* LocationContainer.swift in Sources */ = {isa = PBXBuildFile; fileRef = 4C23F4075B39E3894DD79C17 /* LocationContainer.swift */; };
		4C23FBABD410EF060E9D04EF /* EventCollectionCell.swift in Sources */ = {isa = PBXBuildFile; fileRef = 4C23FFA9629648AF630C8FFF /* EventCollectionCell.swift */; };
		4C23FBC1D11C7317A63C29C0 /* Strings.swift in Sources */ = {isa = PBXBuildFile; fileRef = 4C23FD069FFC45876B2EE0E8 /* Strings.swift */; };
		4C23FC05562577B8775A8FA2 /* Event.swift in Sources */ = {isa = PBXBuildFile; fileRef = 4C23F4E804534CEEC7086DAB /* Event.swift */; };
		4C23FC353CC8369AE9CB8610 /* UICollectionView_ReuseIdentifier.swift in Sources */ = {isa = PBXBuildFile; fileRef = 4C23FAF7A19D11592CAB9341 /* UICollectionView_ReuseIdentifier.swift */; };
		4C23FC714786FCF2EC20A3A6 /* LoadingStatusCollectionCell.xib in Resources */ = {isa = PBXBuildFile; fileRef = 4C23F7475F40A17F091DA4AC /* LoadingStatusCollectionCell.xib */; };
		4C23FC75CFC83085DFE2BB94 /* Localizable.strings in Resources */ = {isa = PBXBuildFile; fileRef = 4C23FDAE4AADDC92E3AAF65E /* Localizable.strings */; };
		4C23FC81BF14A8ADF0FE75A6 /* URLRequest_APITarget.swift in Sources */ = {isa = PBXBuildFile; fileRef = 4C23FC12A5DB1839179AE9CF /* URLRequest_APITarget.swift */; };
		4C23FCB168827CBD30EA3001 /* FatsomaModelTypes.swift in Sources */ = {isa = PBXBuildFile; fileRef = 4C23FCA6420B97FDA2D5776A /* FatsomaModelTypes.swift */; };
		4C23FCC5EBE994153FC32D44 /* APITarget.swift in Sources */ = {isa = PBXBuildFile; fileRef = 4C23FDD3C1B35EAB7BED06C4 /* APITarget.swift */; };
		4C23FDB6B121D435D59AC448 /* UINib_NibResourceType.swift in Sources */ = {isa = PBXBuildFile; fileRef = 4C23F0CF802956B47F77F51D /* UINib_NibResourceType.swift */; };
		4C23FDF675B735BFEC2F9A84 /* FatsomaAPIClient.swift in Sources */ = {isa = PBXBuildFile; fileRef = 4C23F1C911A4438D719ECE2E /* FatsomaAPIClient.swift */; };
		4C23FE0D090F2E1926BA31CD /* EventResponse.swift in Sources */ = {isa = PBXBuildFile; fileRef = 4C23F27C6BD83CBB3862F16E /* EventResponse.swift */; };
		4C23FF1915C3A09B032D9CC6 /* HTTPURLResponse_Success.swift in Sources */ = {isa = PBXBuildFile; fileRef = 4C23F0BEE7190BE80C79E1F9 /* HTTPURLResponse_Success.swift */; };
		4C23FF4CE4A01D09389A281A /* EventContainer.swift in Sources */ = {isa = PBXBuildFile; fileRef = 4C23FFBFFF39F5DD290E52C2 /* EventContainer.swift */; };
		4C23FF862B5D4C2CCCEF28CA /* APIClient.swift in Sources */ = {isa = PBXBuildFile; fileRef = 4C23F3A3B6F0185CE6FDB67B /* APIClient.swift */; };
		4C23FFA5718D04D72805F7FC /* Events.json in Resources */ = {isa = PBXBuildFile; fileRef = 4C23FC38E92B7EF3894A8244 /* Events.json */; };
		D1B2D3FE27CA81E600C9F711 /* AppDelegate.swift in Sources */ = {isa = PBXBuildFile; fileRef = D1B2D3FD27CA81E600C9F711 /* AppDelegate.swift */; };
		D1B2D40027CA81E600C9F711 /* SceneDelegate.swift in Sources */ = {isa = PBXBuildFile; fileRef = D1B2D3FF27CA81E600C9F711 /* SceneDelegate.swift */; };
		D1B2D41327CA918100C9F711 /* AnyCodable in Frameworks */ = {isa = PBXBuildFile; productRef = D1B2D41227CA918100C9F711 /* AnyCodable */; };
/* End PBXBuildFile section */

/* Begin PBXFileReference section */
		4C23F05231E12E5DB008F6BF /* Nibs.swift */ = {isa = PBXFileReference; fileEncoding = 4; lastKnownFileType = sourcecode.swift; path = Nibs.swift; sourceTree = "<group>"; };
		4C23F0AD0ED0D64BCD1B92DF /* Data_FileResourceType.swift */ = {isa = PBXFileReference; fileEncoding = 4; lastKnownFileType = sourcecode.swift; path = Data_FileResourceType.swift; sourceTree = "<group>"; };
		4C23F0BEE7190BE80C79E1F9 /* HTTPURLResponse_Success.swift */ = {isa = PBXFileReference; fileEncoding = 4; lastKnownFileType = sourcecode.swift; path = HTTPURLResponse_Success.swift; sourceTree = "<group>"; };
		4C23F0CF802956B47F77F51D /* UINib_NibResourceType.swift */ = {isa = PBXFileReference; fileEncoding = 4; lastKnownFileType = sourcecode.swift; path = UINib_NibResourceType.swift; sourceTree = "<group>"; };
		4C23F1C911A4438D719ECE2E /* FatsomaAPIClient.swift */ = {isa = PBXFileReference; fileEncoding = 4; lastKnownFileType = sourcecode.swift; path = FatsomaAPIClient.swift; sourceTree = "<group>"; };
		4C23F201F8AEF861148234D5 /* FatsomaEventsAPITarget.swift */ = {isa = PBXFileReference; fileEncoding = 4; lastKnownFileType = sourcecode.swift; path = FatsomaEventsAPITarget.swift; sourceTree = "<group>"; };
		4C23F27C6BD83CBB3862F16E /* EventResponse.swift */ = {isa = PBXFileReference; fileEncoding = 4; lastKnownFileType = sourcecode.swift; path = EventResponse.swift; sourceTree = "<group>"; };
		4C23F3A3B6F0185CE6FDB67B /* APIClient.swift */ = {isa = PBXFileReference; fileEncoding = 4; lastKnownFileType = sourcecode.swift; path = APIClient.swift; sourceTree = "<group>"; };
		4C23F3F3B61E79C175B66F37 /* RawObject.swift */ = {isa = PBXFileReference; fileEncoding = 4; lastKnownFileType = sourcecode.swift; path = RawObject.swift; sourceTree = "<group>"; };
		4C23F4075B39E3894DD79C17 /* LocationContainer.swift */ = {isa = PBXFileReference; fileEncoding = 4; lastKnownFileType = sourcecode.swift; path = LocationContainer.swift; sourceTree = "<group>"; };
		4C23F46C5EB600564369F490 /* R.swift */ = {isa = PBXFileReference; fileEncoding = 4; lastKnownFileType = sourcecode.swift; path = R.swift; sourceTree = "<group>"; };
		4C23F4E804534CEEC7086DAB /* Event.swift */ = {isa = PBXFileReference; fileEncoding = 4; lastKnownFileType = sourcecode.swift; path = Event.swift; sourceTree = "<group>"; };
		4C23F7475F40A17F091DA4AC /* LoadingStatusCollectionCell.xib */ = {isa = PBXFileReference; lastKnownFileType = file.xib; path = LoadingStatusCollectionCell.xib; sourceTree = "<group>"; };
		4C23F813590DA5204AC0C8D7 /* HTTPMethod.swift */ = {isa = PBXFileReference; fileEncoding = 4; lastKnownFileType = sourcecode.swift; path = HTTPMethod.swift; sourceTree = "<group>"; };
		4C23F93D11B52EA0EDDF09EB /* APIParamEncoding.swift */ = {isa = PBXFileReference; fileEncoding = 4; lastKnownFileType = sourcecode.swift; path = APIParamEncoding.swift; sourceTree = "<group>"; };
		4C23F9D04D72A1379CC09B07 /* LoadingStatusCollectionCell.swift */ = {isa = PBXFileReference; fileEncoding = 4; lastKnownFileType = sourcecode.swift; path = LoadingStatusCollectionCell.swift; sourceTree = "<group>"; };
		4C23F9E532BF51859616490A /* FileResourceType.swift */ = {isa = PBXFileReference; fileEncoding = 4; lastKnownFileType = sourcecode.swift; path = FileResourceType.swift; sourceTree = "<group>"; };
		4C23FA0FD35140B10DB4D99E /* NibResourceType.swift */ = {isa = PBXFileReference; fileEncoding = 4; lastKnownFileType = sourcecode.swift; path = NibResourceType.swift; sourceTree = "<group>"; };
		4C23FA34953B453B3109C6A1 /* Bundle_FileResourceType.swift */ = {isa = PBXFileReference; fileEncoding = 4; lastKnownFileType = sourcecode.swift; path = Bundle_FileResourceType.swift; sourceTree = "<group>"; };
		4C23FAE48BBF738621EF51A4 /* ViewModel.swift */ = {isa = PBXFileReference; fileEncoding = 4; lastKnownFileType = sourcecode.swift; path = ViewModel.swift; sourceTree = "<group>"; };
		4C23FAF7A19D11592CAB9341 /* UICollectionView_ReuseIdentifier.swift */ = {isa = PBXFileReference; fileEncoding = 4; lastKnownFileType = sourcecode.swift; path = UICollectionView_ReuseIdentifier.swift; sourceTree = "<group>"; };
		4C23FB6D08BB8E25CE19CF96 /* Files.swift */ = {isa = PBXFileReference; fileEncoding = 4; lastKnownFileType = sourcecode.swift; path = Files.swift; sourceTree = "<group>"; };
		4C23FBF2473EE8F4C12DBC55 /* Assets.xcassets */ = {isa = PBXFileReference; lastKnownFileType = folder.assetcatalog; path = Assets.xcassets; sourceTree = "<group>"; };
		4C23FC12A5DB1839179AE9CF /* URLRequest_APITarget.swift */ = {isa = PBXFileReference; fileEncoding = 4; lastKnownFileType = sourcecode.swift; path = URLRequest_APITarget.swift; sourceTree = "<group>"; };
		4C23FC38E92B7EF3894A8244 /* Events.json */ = {isa = PBXFileReference; fileEncoding = 4; lastKnownFileType = text.json; path = Events.json; sourceTree = "<group>"; };
		4C23FC53864AEACB521C41D1 /* Links.swift */ = {isa = PBXFileReference; fileEncoding = 4; lastKnownFileType = sourcecode.swift; path = Links.swift; sourceTree = "<group>"; };
		4C23FC764FF68F15561D896B /* ReuseIdentifierType.swift */ = {isa = PBXFileReference; fileEncoding = 4; lastKnownFileType = sourcecode.swift; path = ReuseIdentifierType.swift; sourceTree = "<group>"; };
		4C23FCA6420B97FDA2D5776A /* FatsomaModelTypes.swift */ = {isa = PBXFileReference; fileEncoding = 4; lastKnownFileType = sourcecode.swift; path = FatsomaModelTypes.swift; sourceTree = "<group>"; };
		4C23FD069FFC45876B2EE0E8 /* Strings.swift */ = {isa = PBXFileReference; fileEncoding = 4; lastKnownFileType = sourcecode.swift; path = Strings.swift; sourceTree = "<group>"; };
		4C23FD38C574ED7343BEAE8C /* ViewController.swift */ = {isa = PBXFileReference; fileEncoding = 4; lastKnownFileType = sourcecode.swift; path = ViewController.swift; sourceTree = "<group>"; };
		4C23FD42523B4DE7B1302081 /* Location.swift */ = {isa = PBXFileReference; fileEncoding = 4; lastKnownFileType = sourcecode.swift; path = Location.swift; sourceTree = "<group>"; };
		4C23FDAE4AADDC92E3AAF65E /* Localizable.strings */ = {isa = PBXFileReference; fileEncoding = 4; lastKnownFileType = text.plist.strings; path = Localizable.strings; sourceTree = "<group>"; };
		4C23FDD3C1B35EAB7BED06C4 /* APITarget.swift */ = {isa = PBXFileReference; fileEncoding = 4; lastKnownFileType = sourcecode.swift; path = APITarget.swift; sourceTree = "<group>"; };
		4C23FDF18B321487A9C05960 /* APILoadingState.swift */ = {isa = PBXFileReference; fileEncoding = 4; lastKnownFileType = sourcecode.swift; path = APILoadingState.swift; sourceTree = "<group>"; };
		4C23FE0FF8D2694A0FE36777 /* ViewController.xib */ = {isa = PBXFileReference; lastKnownFileType = file.xib; path = ViewController.xib; sourceTree = "<group>"; };
		4C23FE190BDC0090C7846D38 /* EventCollectionCell.xib */ = {isa = PBXFileReference; lastKnownFileType = file.xib; path = EventCollectionCell.xib; sourceTree = "<group>"; };
		4C23FE5F807FD3F89938BA27 /* LaunchScreen.storyboard */ = {isa = PBXFileReference; lastKnownFileType = file.storyboard; path = LaunchScreen.storyboard; sourceTree = "<group>"; };
		4C23FFA5C28B79C65630E81F /* LocalAPIClient.swift */ = {isa = PBXFileReference; fileEncoding = 4; lastKnownFileType = sourcecode.swift; path = LocalAPIClient.swift; sourceTree = "<group>"; };
		4C23FFA9629648AF630C8FFF /* EventCollectionCell.swift */ = {isa = PBXFileReference; fileEncoding = 4; lastKnownFileType = sourcecode.swift; path = EventCollectionCell.swift; sourceTree = "<group>"; };
		4C23FFBFFF39F5DD290E52C2 /* EventContainer.swift */ = {isa = PBXFileReference; fileEncoding = 4; lastKnownFileType = sourcecode.swift; path = EventContainer.swift; sourceTree = "<group>"; };
		4C23FFF06922C857B4D799BC /* StringResourceType.swift */ = {isa = PBXFileReference; fileEncoding = 4; lastKnownFileType = sourcecode.swift; path = StringResourceType.swift; sourceTree = "<group>"; };
		D1B2D3FA27CA81E600C9F711 /* Events.app */ = {isa = PBXFileReference; explicitFileType = wrapper.application; includeInIndex = 0; path = Events.app; sourceTree = BUILT_PRODUCTS_DIR; };
		D1B2D3FD27CA81E600C9F711 /* AppDelegate.swift */ = {isa = PBXFileReference; lastKnownFileType = sourcecode.swift; path = AppDelegate.swift; sourceTree = "<group>"; };
		D1B2D3FF27CA81E600C9F711 /* SceneDelegate.swift */ = {isa = PBXFileReference; lastKnownFileType = sourcecode.swift; path = SceneDelegate.swift; sourceTree = "<group>"; };
		D1B2D40B27CA81E700C9F711 /* Info.plist */ = {isa = PBXFileReference; lastKnownFileType = text.plist.xml; path = Info.plist; sourceTree = "<group>"; };
/* End PBXFileReference section */

/* Begin PBXFrameworksBuildPhase section */
		D1B2D3F727CA81E600C9F711 /* Frameworks */ = {
			isa = PBXFrameworksBuildPhase;
			buildActionMask = 2147483647;
			files = (
				D1B2D41327CA918100C9F711 /* AnyCodable in Frameworks */,
			);
			runOnlyForDeploymentPostprocessing = 0;
		};
/* End PBXFrameworksBuildPhase section */

/* Begin PBXGroup section */
		4C23F093A2BF98CE2D53F1AB /* ViewControllers */ = {
			isa = PBXGroup;
			children = (
				4C23FC4198AB75C7C18AFC49 /* ViewController */,
			);
			path = ViewControllers;
			sourceTree = "<group>";
		};
		4C23F48FCA8480828A2EED62 /* EventCollectionCell */ = {
			isa = PBXGroup;
			children = (
				4C23FFA9629648AF630C8FFF /* EventCollectionCell.swift */,
				4C23FE190BDC0090C7846D38 /* EventCollectionCell.xib */,
			);
			path = EventCollectionCell;
			sourceTree = "<group>";
		};
		4C23F4F5D8B1802A4D793085 /* APITarget */ = {
			isa = PBXGroup;
			children = (
				4C23F201F8AEF861148234D5 /* FatsomaEventsAPITarget.swift */,
			);
			path = APITarget;
			sourceTree = "<group>";
		};
		4C23F6F769B79DC27E879157 /* ViewModels */ = {
			isa = PBXGroup;
			children = (
				4C23FAE48BBF738621EF51A4 /* ViewModel.swift */,
			);
			path = ViewModels;
			sourceTree = "<group>";
		};
		4C23F75676C11F6DF1F44306 /* Views */ = {
			isa = PBXGroup;
			children = (
				4C23FA402C4F42A47D091DB5 /* Cells */,
			);
			path = Views;
			sourceTree = "<group>";
		};
		4C23F8E485E2A9BEA3E633A7 /* Enums */ = {
			isa = PBXGroup;
			children = (
				4C23F813590DA5204AC0C8D7 /* HTTPMethod.swift */,
				4C23F93D11B52EA0EDDF09EB /* APIParamEncoding.swift */,
				4C23F4F5D8B1802A4D793085 /* APITarget */,
				4C23FCA6420B97FDA2D5776A /* FatsomaModelTypes.swift */,
				4C23FDF18B321487A9C05960 /* APILoadingState.swift */,
			);
			path = Enums;
			sourceTree = "<group>";
		};
		4C23FA402C4F42A47D091DB5 /* Cells */ = {
			isa = PBXGroup;
			children = (
				4C23F48FCA8480828A2EED62 /* EventCollectionCell */,
				4C23FEB856B299EA18F07311 /* LoadingStatusCollectionCell */,
			);
			path = Cells;
			sourceTree = "<group>";
		};
		4C23FAC0FF08DD41D1FD38E5 /* Protocols */ = {
			isa = PBXGroup;
			children = (
				4C23FA0FD35140B10DB4D99E /* NibResourceType.swift */,
				4C23FC764FF68F15561D896B /* ReuseIdentifierType.swift */,
				4C23F3A3B6F0185CE6FDB67B /* APIClient.swift */,
				4C23FDD3C1B35EAB7BED06C4 /* APITarget.swift */,
				4C23F9E532BF51859616490A /* FileResourceType.swift */,
				4C23FFF06922C857B4D799BC /* StringResourceType.swift */,
			);
			path = Protocols;
			sourceTree = "<group>";
		};
		4C23FB00C4D6FF895D764376 /* Extensions */ = {
			isa = PBXGroup;
			children = (
				4C23F0CF802956B47F77F51D /* UINib_NibResourceType.swift */,
				4C23FC12A5DB1839179AE9CF /* URLRequest_APITarget.swift */,
				4C23F0BEE7190BE80C79E1F9 /* HTTPURLResponse_Success.swift */,
				4C23FA34953B453B3109C6A1 /* Bundle_FileResourceType.swift */,
				4C23F0AD0ED0D64BCD1B92DF /* Data_FileResourceType.swift */,
				4C23FAF7A19D11592CAB9341 /* UICollectionView_ReuseIdentifier.swift */,
			);
			path = Extensions;
			sourceTree = "<group>";
		};
		4C23FBCE7AFF8243744053F5 /* APIClient */ = {
			isa = PBXGroup;
			children = (
				4C23F1C911A4438D719ECE2E /* FatsomaAPIClient.swift */,
				4C23FFA5C28B79C65630E81F /* LocalAPIClient.swift */,
			);
			path = APIClient;
			sourceTree = "<group>";
		};
		4C23FC4198AB75C7C18AFC49 /* ViewController */ = {
			isa = PBXGroup;
			children = (
				4C23FE0FF8D2694A0FE36777 /* ViewController.xib */,
				4C23FD38C574ED7343BEAE8C /* ViewController.swift */,
			);
			path = ViewController;
			sourceTree = "<group>";
		};
		4C23FD4805583AED097E084B /* Constants */ = {
			isa = PBXGroup;
			children = (
				4C23F05231E12E5DB008F6BF /* Nibs.swift */,
				4C23F46C5EB600564369F490 /* R.swift */,
				4C23FB6D08BB8E25CE19CF96 /* Files.swift */,
				4C23FD069FFC45876B2EE0E8 /* Strings.swift */,
			);
			path = Constants;
			sourceTree = "<group>";
		};
		4C23FD4F85ADB947866A8591 /* Resources */ = {
			isa = PBXGroup;
			children = (
				4C23FE5F807FD3F89938BA27 /* LaunchScreen.storyboard */,
				4C23FBF2473EE8F4C12DBC55 /* Assets.xcassets */,
				4C23FC38E92B7EF3894A8244 /* Events.json */,
				4C23FDAE4AADDC92E3AAF65E /* Localizable.strings */,
			);
			path = Resources;
			sourceTree = "<group>";
		};
		4C23FEB856B299EA18F07311 /* LoadingStatusCollectionCell */ = {
			isa = PBXGroup;
			children = (
				4C23F9D04D72A1379CC09B07 /* LoadingStatusCollectionCell.swift */,
				4C23F7475F40A17F091DA4AC /* LoadingStatusCollectionCell.xib */,
			);
			path = LoadingStatusCollectionCell;
			sourceTree = "<group>";
		};
		4C23FEBFF97E7AE03B174636 /* Classes */ = {
			isa = PBXGroup;
			children = (
				4C23F4E804534CEEC7086DAB /* Event.swift */,
				4C23F27C6BD83CBB3862F16E /* EventResponse.swift */,
				4C23FC53864AEACB521C41D1 /* Links.swift */,
				4C23F3F3B61E79C175B66F37 /* RawObject.swift */,
				4C23FFBFFF39F5DD290E52C2 /* EventContainer.swift */,
				4C23FBCE7AFF8243744053F5 /* APIClient */,
				4C23F4075B39E3894DD79C17 /* LocationContainer.swift */,
				4C23FD42523B4DE7B1302081 /* Location.swift */,
			);
			path = Classes;
			sourceTree = "<group>";
		};
		D1B2D3F127CA81E600C9F711 = {
			isa = PBXGroup;
			children = (
				D1B2D3FC27CA81E600C9F711 /* Events */,
				D1B2D3FB27CA81E600C9F711 /* Products */,
			);
			sourceTree = "<group>";
		};
		D1B2D3FB27CA81E600C9F711 /* Products */ = {
			isa = PBXGroup;
			children = (
				D1B2D3FA27CA81E600C9F711 /* Events.app */,
			);
			name = Products;
			sourceTree = "<group>";
		};
		D1B2D3FC27CA81E600C9F711 /* Events */ = {
			isa = PBXGroup;
			children = (
				D1B2D3FD27CA81E600C9F711 /* AppDelegate.swift */,
				D1B2D3FF27CA81E600C9F711 /* SceneDelegate.swift */,
				D1B2D40B27CA81E700C9F711 /* Info.plist */,
				4C23F093A2BF98CE2D53F1AB /* ViewControllers */,
				4C23FEBFF97E7AE03B174636 /* Classes */,
				4C23F75676C11F6DF1F44306 /* Views */,
				4C23FAC0FF08DD41D1FD38E5 /* Protocols */,
				4C23FD4F85ADB947866A8591 /* Resources */,
				4C23F8E485E2A9BEA3E633A7 /* Enums */,
				4C23FD4805583AED097E084B /* Constants */,
				4C23FB00C4D6FF895D764376 /* Extensions */,
				4C23F6F769B79DC27E879157 /* ViewModels */,
			);
			path = Events;
			sourceTree = "<group>";
		};
/* End PBXGroup section */

/* Begin PBXNativeTarget section */
		D1B2D3F927CA81E600C9F711 /* Events */ = {
			isa = PBXNativeTarget;
			buildConfigurationList = D1B2D40E27CA81E700C9F711 /* Build configuration list for PBXNativeTarget "Events" */;
			buildPhases = (
				D1B2D3F627CA81E600C9F711 /* Sources */,
				D1B2D3F727CA81E600C9F711 /* Frameworks */,
				D1B2D3F827CA81E600C9F711 /* Resources */,
			);
			buildRules = (
			);
			dependencies = (
			);
			name = Events;
			packageProductDependencies = (
				D1B2D41227CA918100C9F711 /* AnyCodable */,
			);
			productName = Events;
			productReference = D1B2D3FA27CA81E600C9F711 /* Events.app */;
			productType = "com.apple.product-type.application";
		};
/* End PBXNativeTarget section */

/* Begin PBXProject section */
		D1B2D3F227CA81E600C9F711 /* Project object */ = {
			isa = PBXProject;
			attributes = {
				BuildIndependentTargetsInParallel = 1;
				LastSwiftUpdateCheck = 1320;
				LastUpgradeCheck = 1320;
				TargetAttributes = {
					D1B2D3F927CA81E600C9F711 = {
						CreatedOnToolsVersion = 13.2.1;
					};
				};
			};
			buildConfigurationList = D1B2D3F527CA81E600C9F711 /* Build configuration list for PBXProject "Events" */;
			compatibilityVersion = "Xcode 13.0";
			developmentRegion = en;
			hasScannedForEncodings = 0;
			knownRegions = (
				en,
				Base,
			);
			mainGroup = D1B2D3F127CA81E600C9F711;
			packageReferences = (
				D1B2D41127CA918100C9F711 /* XCRemoteSwiftPackageReference "AnyCodable" */,
			);
			productRefGroup = D1B2D3FB27CA81E600C9F711 /* Products */;
			projectDirPath = "";
			projectRoot = "";
			targets = (
				D1B2D3F927CA81E600C9F711 /* Events */,
			);
		};
/* End PBXProject section */

/* Begin PBXResourcesBuildPhase section */
		D1B2D3F827CA81E600C9F711 /* Resources */ = {
			isa = PBXResourcesBuildPhase;
			buildActionMask = 2147483647;
			files = (
				4C23F6737722ACDF5D6B3DA5 /* LaunchScreen.storyboard in Resources */,
				4C23F90DAE7D5DA546D9B0AD /* Assets.xcassets in Resources */,
				4C23F307A00D475F929BB79F /* ViewController.xib in Resources */,
				4C23FFA5718D04D72805F7FC /* Events.json in Resources */,
				4C23F3CFDA0BB4F302BC3D57 /* EventCollectionCell.xib in Resources */,
				4C23FC714786FCF2EC20A3A6 /* LoadingStatusCollectionCell.xib in Resources */,
				4C23FC75CFC83085DFE2BB94 /* Localizable.strings in Resources */,
			);
			runOnlyForDeploymentPostprocessing = 0;
		};
/* End PBXResourcesBuildPhase section */

/* Begin PBXSourcesBuildPhase section */
		D1B2D3F627CA81E600C9F711 /* Sources */ = {
			isa = PBXSourcesBuildPhase;
			buildActionMask = 2147483647;
			files = (
				D1B2D3FE27CA81E600C9F711 /* AppDelegate.swift in Sources */,
				D1B2D40027CA81E600C9F711 /* SceneDelegate.swift in Sources */,
				4C23F3CC3730840311040960 /* ViewController.swift in Sources */,
				4C23F7945CADFC24005C3EA0 /* Nibs.swift in Sources */,
				4C23F70AAED11307C4B138C2 /* R.swift in Sources */,
				4C23F1314F31A8F9BACDC6DB /* NibResourceType.swift in Sources */,
				4C23F9EF0165D7A3754FA2D7 /* ReuseIdentifierType.swift in Sources */,
				4C23FDB6B121D435D59AC448 /* UINib_NibResourceType.swift in Sources */,
				4C23FF862B5D4C2CCCEF28CA /* APIClient.swift in Sources */,
				4C23FCC5EBE994153FC32D44 /* APITarget.swift in Sources */,
				4C23F24BD85062307FDDF31A /* HTTPMethod.swift in Sources */,
				4C23F185A1AEFC8BC74F3400 /* APIParamEncoding.swift in Sources */,
				4C23F753DE3A519260D8A767 /* FatsomaEventsAPITarget.swift in Sources */,
				4C23FC05562577B8775A8FA2 /* Event.swift in Sources */,
				4C23FE0D090F2E1926BA31CD /* EventResponse.swift in Sources */,
				4C23F81ADB6C176F406ACB82 /* Links.swift in Sources */,
				4C23F8C83091E3B27503341D /* RawObject.swift in Sources */,
				4C23FF4CE4A01D09389A281A /* EventContainer.swift in Sources */,
				4C23FDF675B735BFEC2F9A84 /* FatsomaAPIClient.swift in Sources */,
				4C23FC81BF14A8ADF0FE75A6 /* URLRequest_APITarget.swift in Sources */,
				4C23FF1915C3A09B032D9CC6 /* HTTPURLResponse_Success.swift in Sources */,
				4C23FA0E149CF47B4EEFB79D /* LocationContainer.swift in Sources */,
				4C23F6A71B01C98BAD6DE0AC /* Location.swift in Sources */,
				4C23FCB168827CBD30EA3001 /* FatsomaModelTypes.swift in Sources */,
				4C23F292C3D954658523106F /* Files.swift in Sources */,
				4C23F7168A08935F8ADC9E11 /* LocalAPIClient.swift in Sources */,
				4C23F2505E33E019EE3A3889 /* FileResourceType.swift in Sources */,
				4C23F34ACDD74878B95F435E /* Bundle_FileResourceType.swift in Sources */,
				4C23F9875705C8FE1D264A0A /* Data_FileResourceType.swift in Sources */,
				4C23F76A8FEC67225833EB02 /* ViewModel.swift in Sources */,
				4C23F669C67D7169F32575C7 /* APILoadingState.swift in Sources */,
				4C23FBABD410EF060E9D04EF /* EventCollectionCell.swift in Sources */,
				4C23FC353CC8369AE9CB8610 /* UICollectionView_ReuseIdentifier.swift in Sources */,
				4C23F0FDC2A9164945D78011 /* LoadingStatusCollectionCell.swift in Sources */,
				4C23FBC1D11C7317A63C29C0 /* Strings.swift in Sources */,
				4C23F91A04A92EF93E1172C9 /* StringResourceType.swift in Sources */,
			);
			runOnlyForDeploymentPostprocessing = 0;
		};
/* End PBXSourcesBuildPhase section */

/* Begin XCBuildConfiguration section */
		D1B2D40C27CA81E700C9F711 /* Debug */ = {
			isa = XCBuildConfiguration;
			buildSettings = {
				ALWAYS_SEARCH_USER_PATHS = NO;
				CLANG_ANALYZER_NONNULL = YES;
				CLANG_ANALYZER_NUMBER_OBJECT_CONVERSION = YES_AGGRESSIVE;
				CLANG_CXX_LANGUAGE_STANDARD = "gnu++17";
				CLANG_CXX_LIBRARY = "libc++";
				CLANG_ENABLE_MODULES = YES;
				CLANG_ENABLE_OBJC_ARC = YES;
				CLANG_ENABLE_OBJC_WEAK = YES;
				CLANG_WARN_BLOCK_CAPTURE_AUTORELEASING = YES;
				CLANG_WARN_BOOL_CONVERSION = YES;
				CLANG_WARN_COMMA = YES;
				CLANG_WARN_CONSTANT_CONVERSION = YES;
				CLANG_WARN_DEPRECATED_OBJC_IMPLEMENTATIONS = YES;
				CLANG_WARN_DIRECT_OBJC_ISA_USAGE = YES_ERROR;
				CLANG_WARN_DOCUMENTATION_COMMENTS = YES;
				CLANG_WARN_EMPTY_BODY = YES;
				CLANG_WARN_ENUM_CONVERSION = YES;
				CLANG_WARN_INFINITE_RECURSION = YES;
				CLANG_WARN_INT_CONVERSION = YES;
				CLANG_WARN_NON_LITERAL_NULL_CONVERSION = YES;
				CLANG_WARN_OBJC_IMPLICIT_RETAIN_SELF = YES;
				CLANG_WARN_OBJC_LITERAL_CONVERSION = YES;
				CLANG_WARN_OBJC_ROOT_CLASS = YES_ERROR;
				CLANG_WARN_QUOTED_INCLUDE_IN_FRAMEWORK_HEADER = YES;
				CLANG_WARN_RANGE_LOOP_ANALYSIS = YES;
				CLANG_WARN_STRICT_PROTOTYPES = YES;
				CLANG_WARN_SUSPICIOUS_MOVE = YES;
				CLANG_WARN_UNGUARDED_AVAILABILITY = YES_AGGRESSIVE;
				CLANG_WARN_UNREACHABLE_CODE = YES;
				CLANG_WARN__DUPLICATE_METHOD_MATCH = YES;
				COPY_PHASE_STRIP = NO;
				DEBUG_INFORMATION_FORMAT = dwarf;
				ENABLE_STRICT_OBJC_MSGSEND = YES;
				ENABLE_TESTABILITY = YES;
				GCC_C_LANGUAGE_STANDARD = gnu11;
				GCC_DYNAMIC_NO_PIC = NO;
				GCC_NO_COMMON_BLOCKS = YES;
				GCC_OPTIMIZATION_LEVEL = 0;
				GCC_PREPROCESSOR_DEFINITIONS = (
					"DEBUG=1",
					"$(inherited)",
				);
				GCC_WARN_64_TO_32_BIT_CONVERSION = YES;
				GCC_WARN_ABOUT_RETURN_TYPE = YES_ERROR;
				GCC_WARN_UNDECLARED_SELECTOR = YES;
				GCC_WARN_UNINITIALIZED_AUTOS = YES_AGGRESSIVE;
				GCC_WARN_UNUSED_FUNCTION = YES;
				GCC_WARN_UNUSED_VARIABLE = YES;
				IPHONEOS_DEPLOYMENT_TARGET = 13.0;
				MTL_ENABLE_DEBUG_INFO = INCLUDE_SOURCE;
				MTL_FAST_MATH = YES;
				ONLY_ACTIVE_ARCH = YES;
				SDKROOT = iphoneos;
				SWIFT_ACTIVE_COMPILATION_CONDITIONS = DEBUG;
				SWIFT_OPTIMIZATION_LEVEL = "-Onone";
			};
			name = Debug;
		};
		D1B2D40D27CA81E700C9F711 /* Release */ = {
			isa = XCBuildConfiguration;
			buildSettings = {
				ALWAYS_SEARCH_USER_PATHS = NO;
				CLANG_ANALYZER_NONNULL = YES;
				CLANG_ANALYZER_NUMBER_OBJECT_CONVERSION = YES_AGGRESSIVE;
				CLANG_CXX_LANGUAGE_STANDARD = "gnu++17";
				CLANG_CXX_LIBRARY = "libc++";
				CLANG_ENABLE_MODULES = YES;
				CLANG_ENABLE_OBJC_ARC = YES;
				CLANG_ENABLE_OBJC_WEAK = YES;
				CLANG_WARN_BLOCK_CAPTURE_AUTORELEASING = YES;
				CLANG_WARN_BOOL_CONVERSION = YES;
				CLANG_WARN_COMMA = YES;
				CLANG_WARN_CONSTANT_CONVERSION = YES;
				CLANG_WARN_DEPRECATED_OBJC_IMPLEMENTATIONS = YES;
				CLANG_WARN_DIRECT_OBJC_ISA_USAGE = YES_ERROR;
				CLANG_WARN_DOCUMENTATION_COMMENTS = YES;
				CLANG_WARN_EMPTY_BODY = YES;
				CLANG_WARN_ENUM_CONVERSION = YES;
				CLANG_WARN_INFINITE_RECURSION = YES;
				CLANG_WARN_INT_CONVERSION = YES;
				CLANG_WARN_NON_LITERAL_NULL_CONVERSION = YES;
				CLANG_WARN_OBJC_IMPLICIT_RETAIN_SELF = YES;
				CLANG_WARN_OBJC_LITERAL_CONVERSION = YES;
				CLANG_WARN_OBJC_ROOT_CLASS = YES_ERROR;
				CLANG_WARN_QUOTED_INCLUDE_IN_FRAMEWORK_HEADER = YES;
				CLANG_WARN_RANGE_LOOP_ANALYSIS = YES;
				CLANG_WARN_STRICT_PROTOTYPES = YES;
				CLANG_WARN_SUSPICIOUS_MOVE = YES;
				CLANG_WARN_UNGUARDED_AVAILABILITY = YES_AGGRESSIVE;
				CLANG_WARN_UNREACHABLE_CODE = YES;
				CLANG_WARN__DUPLICATE_METHOD_MATCH = YES;
				COPY_PHASE_STRIP = NO;
				DEBUG_INFORMATION_FORMAT = "dwarf-with-dsym";
				ENABLE_NS_ASSERTIONS = NO;
				ENABLE_STRICT_OBJC_MSGSEND = YES;
				GCC_C_LANGUAGE_STANDARD = gnu11;
				GCC_NO_COMMON_BLOCKS = YES;
				GCC_WARN_64_TO_32_BIT_CONVERSION = YES;
				GCC_WARN_ABOUT_RETURN_TYPE = YES_ERROR;
				GCC_WARN_UNDECLARED_SELECTOR = YES;
				GCC_WARN_UNINITIALIZED_AUTOS = YES_AGGRESSIVE;
				GCC_WARN_UNUSED_FUNCTION = YES;
				GCC_WARN_UNUSED_VARIABLE = YES;
				IPHONEOS_DEPLOYMENT_TARGET = 13.0;
				MTL_ENABLE_DEBUG_INFO = NO;
				MTL_FAST_MATH = YES;
				SDKROOT = iphoneos;
				SWIFT_COMPILATION_MODE = wholemodule;
				SWIFT_OPTIMIZATION_LEVEL = "-O";
				VALIDATE_PRODUCT = YES;
			};
			name = Release;
		};
		D1B2D40F27CA81E700C9F711 /* Debug */ = {
			isa = XCBuildConfiguration;
			buildSettings = {
				ASSETCATALOG_COMPILER_APPICON_NAME = AppIcon;
				ASSETCATALOG_COMPILER_GLOBAL_ACCENT_COLOR_NAME = AccentColor;
				CODE_SIGN_STYLE = Automatic;
				CURRENT_PROJECT_VERSION = 1;
				DEVELOPMENT_TEAM = 3J832RK9SP;
				GENERATE_INFOPLIST_FILE = YES;
				INFOPLIST_FILE = Events/Info.plist;
				INFOPLIST_KEY_UIApplicationSupportsIndirectInputEvents = YES;
				INFOPLIST_KEY_UILaunchStoryboardName = LaunchScreen;
				INFOPLIST_KEY_UISupportedInterfaceOrientations = UIInterfaceOrientationPortrait;
				INFOPLIST_KEY_UISupportedInterfaceOrientations_iPad = "UIInterfaceOrientationPortrait UIInterfaceOrientationPortraitUpsideDown UIInterfaceOrientationLandscapeLeft UIInterfaceOrientationLandscapeRight";
				INFOPLIST_KEY_UISupportedInterfaceOrientations_iPhone = "UIInterfaceOrientationPortrait UIInterfaceOrientationLandscapeLeft UIInterfaceOrientationLandscapeRight";
				IPHONEOS_DEPLOYMENT_TARGET = 13.0;
				LD_RUNPATH_SEARCH_PATHS = (
					"$(inherited)",
					"@executable_path/Frameworks",
				);
				MARKETING_VERSION = 1.0;
				PRODUCT_BUNDLE_IDENTIFIER = com.stratushunter.Events;
				PRODUCT_NAME = "$(TARGET_NAME)";
				SWIFT_EMIT_LOC_STRINGS = YES;
				SWIFT_VERSION = 5.0;
				TARGETED_DEVICE_FAMILY = "1,2";
			};
			name = Debug;
		};
		D1B2D41027CA81E700C9F711 /* Release */ = {
			isa = XCBuildConfiguration;
			buildSettings = {
				ASSETCATALOG_COMPILER_APPICON_NAME = AppIcon;
				ASSETCATALOG_COMPILER_GLOBAL_ACCENT_COLOR_NAME = AccentColor;
				CODE_SIGN_STYLE = Automatic;
				CURRENT_PROJECT_VERSION = 1;
				DEVELOPMENT_TEAM = 3J832RK9SP;
				GENERATE_INFOPLIST_FILE = YES;
				INFOPLIST_FILE = Events/Info.plist;
				INFOPLIST_KEY_UIApplicationSupportsIndirectInputEvents = YES;
				INFOPLIST_KEY_UILaunchStoryboardName = LaunchScreen;
				INFOPLIST_KEY_UISupportedInterfaceOrientations = UIInterfaceOrientationPortrait;
				INFOPLIST_KEY_UISupportedInterfaceOrientations_iPad = "UIInterfaceOrientationPortrait UIInterfaceOrientationPortraitUpsideDown UIInterfaceOrientationLandscapeLeft UIInterfaceOrientationLandscapeRight";
				INFOPLIST_KEY_UISupportedInterfaceOrientations_iPhone = "UIInterfaceOrientationPortrait UIInterfaceOrientationLandscapeLeft UIInterfaceOrientationLandscapeRight";
				IPHONEOS_DEPLOYMENT_TARGET = 13.0;
				LD_RUNPATH_SEARCH_PATHS = (
					"$(inherited)",
					"@executable_path/Frameworks",
				);
				MARKETING_VERSION = 1.0;
				PRODUCT_BUNDLE_IDENTIFIER = com.stratushunter.Events;
				PRODUCT_NAME = "$(TARGET_NAME)";
				SWIFT_EMIT_LOC_STRINGS = YES;
				SWIFT_VERSION = 5.0;
				TARGETED_DEVICE_FAMILY = "1,2";
			};
			name = Release;
		};
/* End XCBuildConfiguration section */

/* Begin XCConfigurationList section */
		D1B2D3F527CA81E600C9F711 /* Build configuration list for PBXProject "Events" */ = {
			isa = XCConfigurationList;
			buildConfigurations = (
				D1B2D40C27CA81E700C9F711 /* Debug */,
				D1B2D40D27CA81E700C9F711 /* Release */,
			);
			defaultConfigurationIsVisible = 0;
			defaultConfigurationName = Release;
		};
		D1B2D40E27CA81E700C9F711 /* Build configuration list for PBXNativeTarget "Events" */ = {
			isa = XCConfigurationList;
			buildConfigurations = (
				D1B2D40F27CA81E700C9F711 /* Debug */,
				D1B2D41027CA81E700C9F711 /* Release */,
			);
			defaultConfigurationIsVisible = 0;
			defaultConfigurationName = Release;
		};
/* End XCConfigurationList section */

/* Begin XCRemoteSwiftPackageReference section */
		D1B2D41127CA918100C9F711 /* XCRemoteSwiftPackageReference "AnyCodable" */ = {
			isa = XCRemoteSwiftPackageReference;
			repositoryURL = "https://github.com/Flight-School/AnyCodable";
			requirement = {
				kind = exactVersion;
				version = 0.6.2;
			};
		};
/* End XCRemoteSwiftPackageReference section */

/* Begin XCSwiftPackageProductDependency section */
		D1B2D41227CA918100C9F711 /* AnyCodable */ = {
			isa = XCSwiftPackageProductDependency;
			package = D1B2D41127CA918100C9F711 /* XCRemoteSwiftPackageReference "AnyCodable" */;
			productName = AnyCodable;
		};
/* End XCSwiftPackageProductDependency section */
	};
	rootObject = D1B2D3F227CA81E600C9F711 /* Project object */;
}
